
Microsoft Visual Studio Solution File, Format Version 12.00
# Visual Studio Version 17
VisualStudioVersion = 17.3.32929.385
MinimumVisualStudioVersion = 10.0.40219.1
Project("{9A19103F-16F7-4668-BE54-9A1E7A4F7556}") = "GlubApp.API", "GlubApp.API\GlubApp.API.csproj", "{2148E95B-7C59-4124-B8AC-E1D479B0BAA1}"
EndProject
Project("{9A19103F-16F7-4668-BE54-9A1E7A4F7556}") = "GlubApp.Data", "GlubApp.Data\GlubApp.Data.csproj", "{5B710FEF-1D0C-4912-8F67-B5B99F2F8C8F}"
EndProject
Project("{9A19103F-16F7-4668-BE54-9A1E7A4F7556}") = "GlubApp.Entities", "GlubApp.Entities\GlubApp.Entities.csproj", "{4E9F3A63-63FB-4B02-BA38-090B82F7C329}"
EndProject
Project("{9A19103F-16F7-4668-BE54-9A1E7A4F7556}") = "GlubApp.Repositories", "GlubApp.Repositories\GlubApp.Repositories.csproj", "{BA2A44C4-61AA-4B95-B41F-14CF62B3EA8F}"
EndProject
Project("{9A19103F-16F7-4668-BE54-9A1E7A4F7556}") = "GlubApp.Utils", "GlubApp.Utils\GlubApp.Utils.csproj", "{C87425F3-662F-41E1-AC9D-05692BF44228}"
EndProject
Project("{FAE04EC0-301F-11D3-BF4B-00C04F79EFBC}") = "GlubApp.UI", "GlubApp.UI\GlubApp.UI.csproj", "{146F4B7F-CF34-4D09-BEDB-BFD8B80E1139}"
EndProject
Global
	GlobalSection(SolutionConfigurationPlatforms) = preSolution
		Debug|Any CPU = Debug|Any CPU
		Release|Any CPU = Release|Any CPU
	EndGlobalSection
	GlobalSection(ProjectConfigurationPlatforms) = postSolution
		{2148E95B-7C59-4124-B8AC-E1D479B0BAA1}.Debug|Any CPU.ActiveCfg = Debug|Any CPU
		{2148E95B-7C59-4124-B8AC-E1D479B0BAA1}.Debug|Any CPU.Build.0 = Debug|Any CPU
		{2148E95B-7C59-4124-B8AC-E1D479B0BAA1}.Release|Any CPU.ActiveCfg = Release|Any CPU
		{2148E95B-7C59-4124-B8AC-E1D479B0BAA1}.Release|Any CPU.Build.0 = Release|Any CPU
		{5B710FEF-1D0C-4912-8F67-B5B99F2F8C8F}.Debug|Any CPU.ActiveCfg = Debug|Any CPU
		{5B710FEF-1D0C-4912-8F67-B5B99F2F8C8F}.Debug|Any CPU.Build.0 = Debug|Any CPU
		{5B710FEF-1D0C-4912-8F67-B5B99F2F8C8F}.Release|Any CPU.ActiveCfg = Release|Any CPU
		{5B710FEF-1D0C-4912-8F67-B5B99F2F8C8F}.Release|Any CPU.Build.0 = Release|Any CPU
		{4E9F3A63-63FB-4B02-BA38-090B82F7C329}.Debug|Any CPU.ActiveCfg = Debug|Any CPU
		{4E9F3A63-63FB-4B02-BA38-090B82F7C329}.Debug|Any CPU.Build.0 = Debug|Any CPU
		{4E9F3A63-63FB-4B02-BA38-090B82F7C329}.Release|Any CPU.ActiveCfg = Release|Any CPU
		{4E9F3A63-63FB-4B02-BA38-090B82F7C329}.Release|Any CPU.Build.0 = Release|Any CPU
		{BA2A44C4-61AA-4B95-B41F-14CF62B3EA8F}.Debug|Any CPU.ActiveCfg = Debug|Any CPU
		{BA2A44C4-61AA-4B95-B41F-14CF62B3EA8F}.Debug|Any CPU.Build.0 = Debug|Any CPU
		{BA2A44C4-61AA-4B95-B41F-14CF62B3EA8F}.Release|Any CPU.ActiveCfg = Release|Any CPU
		{BA2A44C4-61AA-4B95-B41F-14CF62B3EA8F}.Release|Any CPU.Build.0 = Release|Any CPU
		{C87425F3-662F-41E1-AC9D-05692BF44228}.Debug|Any CPU.ActiveCfg = Debug|Any CPU
		{C87425F3-662F-41E1-AC9D-05692BF44228}.Debug|Any CPU.Build.0 = Debug|Any CPU
		{C87425F3-662F-41E1-AC9D-05692BF44228}.Release|Any CPU.ActiveCfg = Release|Any CPU
		{C87425F3-662F-41E1-AC9D-05692BF44228}.Release|Any CPU.Build.0 = Release|Any CPU
		{146F4B7F-CF34-4D09-BEDB-BFD8B80E1139}.Debug|Any CPU.ActiveCfg = Debug|Any CPU
		{146F4B7F-CF34-4D09-BEDB-BFD8B80E1139}.Debug|Any CPU.Build.0 = Debug|Any CPU
		{146F4B7F-CF34-4D09-BEDB-BFD8B80E1139}.Release|Any CPU.ActiveCfg = Release|Any CPU
		{146F4B7F-CF34-4D09-BEDB-BFD8B80E1139}.Release|Any CPU.Build.0 = Release|Any CPU
	EndGlobalSection
	GlobalSection(SolutionProperties) = preSolution
		HideSolutionNode = FALSE
	EndGlobalSection
	GlobalSection(ExtensibilityGlobals) = postSolution
		SolutionGuid = {8F6AFE28-221D-46BB-93CB-E139D077AE44}
	EndGlobalSection
EndGlobal
